
Microsoft Visual Studio Solution File, Format Version 12.00
# Visual Studio Version 17
VisualStudioVersion = 17.5.33627.172
MinimumVisualStudioVersion = 10.0.40219.1
Project("{9A19103F-16F7-4668-BE54-9A1E7A4F7556}") = "CQD4CS_HFT_2022232.Client", "CQD4CS_HFT_2022232.Client\CQD4CS_HFT_2022232.Client.csproj", "{42FB827A-C80D-4C34-A6BC-CC77371EB94A}"
EndProject
Project("{9A19103F-16F7-4668-BE54-9A1E7A4F7556}") = "CQD4CS_HFT_2022232.Models", "CQD4CS_HFT_2022232.Models\CQD4CS_HFT_2022232.Models.csproj", "{2EA30FD7-A551-429F-B0B1-F0198ABE28BD}"
EndProject
Project("{9A19103F-16F7-4668-BE54-9A1E7A4F7556}") = "CQD4CS_HFT_2022232.Logic", "CQD4CS_HFT_2022232.Logic\CQD4CS_HFT_2022232.Logic.csproj", "{2473882B-16F5-4FF6-9E31-3B3311379E00}"
EndProject
Project("{9A19103F-16F7-4668-BE54-9A1E7A4F7556}") = "CQD4CS_HFT_2022232.Repository", "CQD4CS_HFT_2022232.Repository\CQD4CS_HFT_2022232.Repository.csproj", "{B44589C5-E4BD-4DCC-9E4D-060F70E3B4FD}"
EndProject
Project("{9A19103F-16F7-4668-BE54-9A1E7A4F7556}") = "CQD4CS_HFT_2022232.Test", "CQD4CS_HFT_2022232.Test\CQD4CS_HFT_2022232.Test.csproj", "{746D9480-3F08-4035-AB8A-44EDA7011636}"
EndProject
Project("{FAE04EC0-301F-11D3-BF4B-00C04F79EFBC}") = "CQD4CS_HFT_2022232.Endpoint", "CQD4CS_HFT_2022232.Endpoint\CQD4CS_HFT_2022232.Endpoint.csproj", "{AAD911F5-9F1B-4439-A81F-240D917F60EE}"
EndProject
Project("{2150E333-8FDC-42A3-9474-1A3956D46DE8}") = "Backend", "Backend", "{96D49FB7-72A4-48EB-AF9D-8596298BB73A}"
EndProject
Project("{2150E333-8FDC-42A3-9474-1A3956D46DE8}") = "Frontend", "Frontend", "{8AAAD8C0-CFCA-4F20-A9C3-81A370C18F96}"
EndProject
Project("{2150E333-8FDC-42A3-9474-1A3956D46DE8}") = "Shared", "Shared", "{DBBA6F3E-1F2F-4310-B60C-EC978668D87E}"
EndProject
Project("{2150E333-8FDC-42A3-9474-1A3956D46DE8}") = "Others", "Others", "{F15684C5-3642-4350-9012-FAE5D591933E}"
	ProjectSection(SolutionItems) = preProject
		.gitignore = .gitignore
	EndProjectSection
EndProject
Global
	GlobalSection(SolutionConfigurationPlatforms) = preSolution
		Debug|Any CPU = Debug|Any CPU
		Release|Any CPU = Release|Any CPU
	EndGlobalSection
	GlobalSection(ProjectConfigurationPlatforms) = postSolution
		{42FB827A-C80D-4C34-A6BC-CC77371EB94A}.Debug|Any CPU.ActiveCfg = Debug|Any CPU
		{42FB827A-C80D-4C34-A6BC-CC77371EB94A}.Debug|Any CPU.Build.0 = Debug|Any CPU
		{42FB827A-C80D-4C34-A6BC-CC77371EB94A}.Release|Any CPU.ActiveCfg = Release|Any CPU
		{42FB827A-C80D-4C34-A6BC-CC77371EB94A}.Release|Any CPU.Build.0 = Release|Any CPU
		{2EA30FD7-A551-429F-B0B1-F0198ABE28BD}.Debug|Any CPU.ActiveCfg = Debug|Any CPU
		{2EA30FD7-A551-429F-B0B1-F0198ABE28BD}.Debug|Any CPU.Build.0 = Debug|Any CPU
		{2EA30FD7-A551-429F-B0B1-F0198ABE28BD}.Release|Any CPU.ActiveCfg = Release|Any CPU
		{2EA30FD7-A551-429F-B0B1-F0198ABE28BD}.Release|Any CPU.Build.0 = Release|Any CPU
		{2473882B-16F5-4FF6-9E31-3B3311379E00}.Debug|Any CPU.ActiveCfg = Debug|Any CPU
		{2473882B-16F5-4FF6-9E31-3B3311379E00}.Debug|Any CPU.Build.0 = Debug|Any CPU
		{2473882B-16F5-4FF6-9E31-3B3311379E00}.Release|Any CPU.ActiveCfg = Release|Any CPU
		{2473882B-16F5-4FF6-9E31-3B3311379E00}.Release|Any CPU.Build.0 = Release|Any CPU
		{B44589C5-E4BD-4DCC-9E4D-060F70E3B4FD}.Debug|Any CPU.ActiveCfg = Debug|Any CPU
		{B44589C5-E4BD-4DCC-9E4D-060F70E3B4FD}.Debug|Any CPU.Build.0 = Debug|Any CPU
		{B44589C5-E4BD-4DCC-9E4D-060F70E3B4FD}.Release|Any CPU.ActiveCfg = Release|Any CPU
		{B44589C5-E4BD-4DCC-9E4D-060F70E3B4FD}.Release|Any CPU.Build.0 = Release|Any CPU
		{746D9480-3F08-4035-AB8A-44EDA7011636}.Debug|Any CPU.ActiveCfg = Debug|Any CPU
		{746D9480-3F08-4035-AB8A-44EDA7011636}.Debug|Any CPU.Build.0 = Debug|Any CPU
		{746D9480-3F08-4035-AB8A-44EDA7011636}.Release|Any CPU.ActiveCfg = Release|Any CPU
		{746D9480-3F08-4035-AB8A-44EDA7011636}.Release|Any CPU.Build.0 = Release|Any CPU
		{AAD911F5-9F1B-4439-A81F-240D917F60EE}.Debug|Any CPU.ActiveCfg = Debug|Any CPU
		{AAD911F5-9F1B-4439-A81F-240D917F60EE}.Debug|Any CPU.Build.0 = Debug|Any CPU
		{AAD911F5-9F1B-4439-A81F-240D917F60EE}.Release|Any CPU.ActiveCfg = Release|Any CPU
		{AAD911F5-9F1B-4439-A81F-240D917F60EE}.Release|Any CPU.Build.0 = Release|Any CPU
	EndGlobalSection
	GlobalSection(SolutionProperties) = preSolution
		HideSolutionNode = FALSE
	EndGlobalSection
	GlobalSection(NestedProjects) = preSolution
		{42FB827A-C80D-4C34-A6BC-CC77371EB94A} = {8AAAD8C0-CFCA-4F20-A9C3-81A370C18F96}
		{2EA30FD7-A551-429F-B0B1-F0198ABE28BD} = {DBBA6F3E-1F2F-4310-B60C-EC978668D87E}
		{2473882B-16F5-4FF6-9E31-3B3311379E00} = {96D49FB7-72A4-48EB-AF9D-8596298BB73A}
		{B44589C5-E4BD-4DCC-9E4D-060F70E3B4FD} = {96D49FB7-72A4-48EB-AF9D-8596298BB73A}
		{746D9480-3F08-4035-AB8A-44EDA7011636} = {96D49FB7-72A4-48EB-AF9D-8596298BB73A}
		{AAD911F5-9F1B-4439-A81F-240D917F60EE} = {96D49FB7-72A4-48EB-AF9D-8596298BB73A}
	EndGlobalSection
	GlobalSection(ExtensibilityGlobals) = postSolution
		SolutionGuid = {C1D3A3E6-88FD-4063-A7FD-D136BFA6DA4B}
	EndGlobalSection
EndGlobal
